Microsoft Visual Studio Solution File, Format Version 12.00
# Visual Studio Version 18
VisualStudioVersion = 18.0.0.0
MinimumVisualStudioVersion = 10.0.40219.1
Project("{2150E333-8FDC-42A3-9474-1A3956D46DE8}") = "src", "src", "{827E0CD3-B72D-47B6-A68D-7590B98EB39B}"
EndProject
Project("{FAE04EC0-301F-11D3-BF4B-00C04F79EFBC}") = "PoeBuilder.App", "src\PoeBuilder.App\PoeBuilder.App.csproj", "{58E12A19-B155-4058-A316-A63575EA51BB}"
EndProject
Project("{FAE04EC0-301F-11D3-BF4B-00C04F79EFBC}") = "PoeBuilder.Core", "src\PoeBuilder.Core\PoeBuilder.Core.csproj", "{2EEDEAEE-A9ED-4572-8328-5239336B1FAE}"
EndProject
Project("{2150E333-8FDC-42A3-9474-1A3956D46DE8}") = "tests", "tests", "{0AB3BF05-4346-4AA6-1389-037BE0695223}"
EndProject
Project("{FAE04EC0-301F-11D3-BF4B-00C04F79EFBC}") = "PoeBuilder.Tests", "tests\PoeBuilder.Tests\PoeBuilder.Tests.csproj", "{2187AB8E-F608-400B-AD9D-7959F0B70C1F}"
EndProject
Global
	GlobalSection(SolutionConfigurationPlatforms) = preSolution
		Debug|Any CPU = Debug|Any CPU
		Release|Any CPU = Release|Any CPU
	EndGlobalSection
	GlobalSection(ProjectConfigurationPlatforms) = postSolution
		{58E12A19-B155-4058-A316-A63575EA51BB}.Debug|Any CPU.ActiveCfg = Debug|Any CPU
		{58E12A19-B155-4058-A316-A63575EA51BB}.Debug|Any CPU.Build.0 = Debug|Any CPU
		{58E12A19-B155-4058-A316-A63575EA51BB}.Release|Any CPU.ActiveCfg = Release|Any CPU
		{58E12A19-B155-4058-A316-A63575EA51BB}.Release|Any CPU.Build.0 = Release|Any CPU
		{2EEDEAEE-A9ED-4572-8328-5239336B1FAE}.Debug|Any CPU.ActiveCfg = Debug|Any CPU
		{2EEDEAEE-A9ED-4572-8328-5239336B1FAE}.Debug|Any CPU.Build.0 = Debug|Any CPU
		{2EEDEAEE-A9ED-4572-8328-5239336B1FAE}.Release|Any CPU.ActiveCfg = Release|Any CPU
		{2EEDEAEE-A9ED-4572-8328-5239336B1FAE}.Release|Any CPU.Build.0 = Release|Any CPU
		{2187AB8E-F608-400B-AD9D-7959F0B70C1F}.Debug|Any CPU.ActiveCfg = Debug|Any CPU
		{2187AB8E-F608-400B-AD9D-7959F0B70C1F}.Debug|Any CPU.Build.0 = Debug|Any CPU
		{2187AB8E-F608-400B-AD9D-7959F0B70C1F}.Release|Any CPU.ActiveCfg = Release|Any CPU
		{2187AB8E-F608-400B-AD9D-7959F0B70C1F}.Release|Any CPU.Build.0 = Release|Any CPU
	EndGlobalSection
	GlobalSection(SolutionProperties) = preSolution
		HideSolutionNode = FALSE
	EndGlobalSection
	GlobalSection(NestedProjects) = preSolution
		{58E12A19-B155-4058-A316-A63575EA51BB} = {827E0CD3-B72D-47B6-A68D-7590B98EB39B}
		{2EEDEAEE-A9ED-4572-8328-5239336B1FAE} = {827E0CD3-B72D-47B6-A68D-7590B98EB39B}
		{2187AB8E-F608-400B-AD9D-7959F0B70C1F} = {0AB3BF05-4346-4AA6-1389-037BE0695223}
	EndGlobalSection
EndGlobal
